// !$*UTF8*$!
{
	archiveVersion = 1;
	classes = {
	};
	objectVersion = 52;
	objects = {

/* Begin PBXBuildFile section */
		42549089257A6C4400463284 /* Trip.xcdatamodeld in Sources */ = {isa = PBXBuildFile; fileRef = 42549087257A6C4400463284 /* Trip.xcdatamodeld */; };
		425490BD257A72DA00463284 /* TripsControllerTests.swift in Sources */ = {isa = PBXBuildFile; fileRef = 425490BC257A72DA00463284 /* TripsControllerTests.swift */; };
		425490C9257A750300463284 /* TestCoreDataStack.swift in Sources */ = {isa = PBXBuildFile; fileRef = 425490C8257A750300463284 /* TestCoreDataStack.swift */; };
		425490CD257A754800463284 /* CoreDataStack.swift in Sources */ = {isa = PBXBuildFile; fileRef = 425490CC257A754800463284 /* CoreDataStack.swift */; };
		42EFBF00257BD4010038C75A /* AddTripViewController.swift in Sources */ = {isa = PBXBuildFile; fileRef = 42EFBEFF257BD4000038C75A /* AddTripViewController.swift */; };
		42EFBF04257BE5290038C75A /* UITextField+Extension.swift in Sources */ = {isa = PBXBuildFile; fileRef = 42EFBF03257BE5290038C75A /* UITextField+Extension.swift */; };
		463AD24324CF275900447BB8 /* ProfileDetailViewController.swift in Sources */ = {isa = PBXBuildFile; fileRef = 463AD24224CF275900447BB8 /* ProfileDetailViewController.swift */; };
		463AD24524CF2CDB00447BB8 /* AddProfileViewController.swift in Sources */ = {isa = PBXBuildFile; fileRef = 463AD24424CF2CDB00447BB8 /* AddProfileViewController.swift */; };
		466C4274249A8748007D033E /* AppDelegate.swift in Sources */ = {isa = PBXBuildFile; fileRef = 466C4273249A8748007D033E /* AppDelegate.swift */; };
		466C4276249A8748007D033E /* SceneDelegate.swift in Sources */ = {isa = PBXBuildFile; fileRef = 466C4275249A8748007D033E /* SceneDelegate.swift */; };
		466C427B249A8748007D033E /* Main.storyboard in Resources */ = {isa = PBXBuildFile; fileRef = 466C4279249A8748007D033E /* Main.storyboard */; };
		466C427D249A8749007D033E /* Assets.xcassets in Resources */ = {isa = PBXBuildFile; fileRef = 466C427C249A8749007D033E /* Assets.xcassets */; };
		466C4280249A8749007D033E /* LaunchScreen.storyboard in Resources */ = {isa = PBXBuildFile; fileRef = 466C427E249A8749007D033E /* LaunchScreen.storyboard */; };
		46908EB62513C971003252BA /* OktaAuth in Frameworks */ = {isa = PBXBuildFile; productRef = 46908EB52513C971003252BA /* OktaAuth */; };
		46BEB4E124C9828800FE0CD1 /* Profile.swift in Sources */ = {isa = PBXBuildFile; fileRef = 46BEB4E024C9828800FE0CD1 /* Profile.swift */; };
		46BEB4E524C98CDC00FE0CD1 /* LoginViewController.swift in Sources */ = {isa = PBXBuildFile; fileRef = 46BEB4E424C98CDC00FE0CD1 /* LoginViewController.swift */; };
		46BEB4E724C98D8900FE0CD1 /* Notifications.swift in Sources */ = {isa = PBXBuildFile; fileRef = 46BEB4E624C98D8900FE0CD1 /* Notifications.swift */; };
		46BEB4E924C98DAF00FE0CD1 /* ProfileListViewController.swift in Sources */ = {isa = PBXBuildFile; fileRef = 46BEB4E824C98DAF00FE0CD1 /* ProfileListViewController.swift */; };
		46BEB4EE24C98ECC00FE0CD1 /* ProfileController.swift in Sources */ = {isa = PBXBuildFile; fileRef = 46BEB4ED24C98ECC00FE0CD1 /* ProfileController.swift */; };
		46BEB4F124C98F0D00FE0CD1 /* Profiles.storyboard in Resources */ = {isa = PBXBuildFile; fileRef = 46BEB4F024C98F0D00FE0CD1 /* Profiles.storyboard */; };
		46BF10BE24D388FF001C6753 /* UIViewController+SimpleAlert.swift in Sources */ = {isa = PBXBuildFile; fileRef = 46BF10BD24D388FF001C6753 /* UIViewController+SimpleAlert.swift */; };
		46C2BC9224D432F90077E49D /* ProfileTabBarViewController.swift in Sources */ = {isa = PBXBuildFile; fileRef = 46C2BC9124D432F90077E49D /* ProfileTabBarViewController.swift */; };
		631FB91B259C86FB00B7F93B /* TextInputCell.swift in Sources */ = {isa = PBXBuildFile; fileRef = 631FB91A259C86FB00B7F93B /* TextInputCell.swift */; };
		631FB921259C87A100B7F93B /* TextViewInputCell.swift in Sources */ = {isa = PBXBuildFile; fileRef = 631FB920259C87A100B7F93B /* TextViewInputCell.swift */; };
		631FB925259C880500B7F93B /* LocationInputCell.swift in Sources */ = {isa = PBXBuildFile; fileRef = 631FB924259C880500B7F93B /* LocationInputCell.swift */; };
		631FB929259C887D00B7F93B /* CategoryInputCell.swift in Sources */ = {isa = PBXBuildFile; fileRef = 631FB928259C887D00B7F93B /* CategoryInputCell.swift */; };
		631FB92D259C888900B7F93B /* DateInputCell.swift in Sources */ = {isa = PBXBuildFile; fileRef = 631FB92C259C888900B7F93B /* DateInputCell.swift */; };
		634A30002564CA8D00C27289 /* SideMenuHeader.swift in Sources */ = {isa = PBXBuildFile; fileRef = 634A2FFF2564CA8D00C27289 /* SideMenuHeader.swift */; };
		63632A8D2558DF9C00F70F9C /* TripsViewController.swift in Sources */ = {isa = PBXBuildFile; fileRef = 63632A8C2558DF9C00F70F9C /* TripsViewController.swift */; };
		63632A922558F8AB00F70F9C /* UIView+Extension.swift in Sources */ = {isa = PBXBuildFile; fileRef = 63632A912558F8AB00F70F9C /* UIView+Extension.swift */; };
		63632A9F2559244200F70F9C /* TripCell.swift in Sources */ = {isa = PBXBuildFile; fileRef = 63632A9E2559244200F70F9C /* TripCell.swift */; };
		63632AA825594CB400F70F9C /* MockData.xcassets in Resources */ = {isa = PBXBuildFile; fileRef = 63632AA725594CB400F70F9C /* MockData.xcassets */; };
		637E583125A6B919007220FC /* UIFont+Extension.swift in Sources */ = {isa = PBXBuildFile; fileRef = 637E583025A6B919007220FC /* UIFont+Extension.swift */; };
		638DF0C725C20B0F005BB808 /* CoreDataService.swift in Sources */ = {isa = PBXBuildFile; fileRef = 638DF0C625C20B0F005BB808 /* CoreDataService.swift */; };
		638DF0D525C5B8FB005BB808 /* Router.swift in Sources */ = {isa = PBXBuildFile; fileRef = 638DF0D425C5B8FB005BB808 /* Router.swift */; };
		63AE51F2258BE8A600C23D4F /* EventCategory.swift in Sources */ = {isa = PBXBuildFile; fileRef = 63AE51F1258BE8A600C23D4F /* EventCategory.swift */; };
		63BA788F25B169F400ACCD95 /* Trip+CoreDataClass.swift in Sources */ = {isa = PBXBuildFile; fileRef = 63BA788D25B169F400ACCD95 /* Trip+CoreDataClass.swift */; };
		63BA789025B169F400ACCD95 /* Trip+CoreDataProperties.swift in Sources */ = {isa = PBXBuildFile; fileRef = 63BA788E25B169F400ACCD95 /* Trip+CoreDataProperties.swift */; };
		63BA789C25B16CA000ACCD95 /* Event+CoreDataClass.swift in Sources */ = {isa = PBXBuildFile; fileRef = 63BA789A25B16CA000ACCD95 /* Event+CoreDataClass.swift */; };
		63BA789D25B16CA000ACCD95 /* Event+CoreDataProperties.swift in Sources */ = {isa = PBXBuildFile; fileRef = 63BA789B25B16CA000ACCD95 /* Event+CoreDataProperties.swift */; };
		63BA78D225B8A4A000ACCD95 /* RFWebService.swift in Sources */ = {isa = PBXBuildFile; fileRef = 63BA78D125B8A4A000ACCD95 /* RFWebService.swift */; };
		63BA78D625B8ABF600ACCD95 /* TripsController.swift in Sources */ = {isa = PBXBuildFile; fileRef = 63BA78D525B8ABF600ACCD95 /* TripsController.swift */; };
		63BA78DF25B9A13B00ACCD95 /* EventResult.swift in Sources */ = {isa = PBXBuildFile; fileRef = 63BA78DE25B9A13B00ACCD95 /* EventResult.swift */; };
		63BA78E525B9A15000ACCD95 /* EventPOSTRequest.swift in Sources */ = {isa = PBXBuildFile; fileRef = 63BA78E425B9A15000ACCD95 /* EventPOSTRequest.swift */; };
		63BA78E925B9A19E00ACCD95 /* TripResult.swift in Sources */ = {isa = PBXBuildFile; fileRef = 63BA78E825B9A19E00ACCD95 /* TripResult.swift */; };
		63BA78ED25B9A1CA00ACCD95 /* TripPOSTRequest.swift in Sources */ = {isa = PBXBuildFile; fileRef = 63BA78EC25B9A1CA00ACCD95 /* TripPOSTRequest.swift */; };
		63BA78F125B9A21700ACCD95 /* TripResultWithEvents.swift in Sources */ = {isa = PBXBuildFile; fileRef = 63BA78F025B9A21700ACCD95 /* TripResultWithEvents.swift */; };
		63BA78F525B9A2C800ACCD95 /* HTTPMethod.swift in Sources */ = {isa = PBXBuildFile; fileRef = 63BA78F425B9A2C800ACCD95 /* HTTPMethod.swift */; };
		63BA78F925B9A2F300ACCD95 /* Bearer.swift in Sources */ = {isa = PBXBuildFile; fileRef = 63BA78F825B9A2F300ACCD95 /* Bearer.swift */; };
		63BA78FD25B9A30D00ACCD95 /* NetworkError.swift in Sources */ = {isa = PBXBuildFile; fileRef = 63BA78FC25B9A30D00ACCD95 /* NetworkError.swift */; };
		63D22D0A2592705D001F594A /* EventDetailViewController.swift in Sources */ = {isa = PBXBuildFile; fileRef = 63D22D092592705D001F594A /* EventDetailViewController.swift */; };
		63D22D0F2592CEFE001F594A /* LocationSearchViewController.swift in Sources */ = {isa = PBXBuildFile; fileRef = 63D22D0E2592CEFE001F594A /* LocationSearchViewController.swift */; };
		63D22D262595A8E1001F594A /* AddEventSection.swift in Sources */ = {isa = PBXBuildFile; fileRef = 63D22D252595A8E1001F594A /* AddEventSection.swift */; };
		63D22D2A25968FBD001F594A /* EventDetailCell.swift in Sources */ = {isa = PBXBuildFile; fileRef = 63D22D2925968FBD001F594A /* EventDetailCell.swift */; };
		63D68DBB256497E400BFF20B /* ProfileViewController.swift in Sources */ = {isa = PBXBuildFile; fileRef = 63D68DBA256497E400BFF20B /* ProfileViewController.swift */; };
		63D68E232564A07200BFF20B /* SideMenuCell.swift in Sources */ = {isa = PBXBuildFile; fileRef = 63D68E222564A07200BFF20B /* SideMenuCell.swift */; };
		63D68E262564A0A500BFF20B /* ContainerController.swift in Sources */ = {isa = PBXBuildFile; fileRef = 63D68E252564A0A500BFF20B /* ContainerController.swift */; };
		63D68E292564A0CE00BFF20B /* SideMenuController.swift in Sources */ = {isa = PBXBuildFile; fileRef = 63D68E282564A0CE00BFF20B /* SideMenuController.swift */; };
		63EAD02C257A01340000FAE2 /* RFColor.swift in Sources */ = {isa = PBXBuildFile; fileRef = 63EAD02B257A01340000FAE2 /* RFColor.swift */; };
		63EAD05A258726B30000FAE2 /* TripDetailViewController.swift in Sources */ = {isa = PBXBuildFile; fileRef = 63EAD059258726B30000FAE2 /* TripDetailViewController.swift */; };
		63EAD076258747F80000FAE2 /* EventCell.swift in Sources */ = {isa = PBXBuildFile; fileRef = 63EAD075258747F80000FAE2 /* EventCell.swift */; };
		63EAD0802587823F0000FAE2 /* CLLocation+Extension.swift in Sources */ = {isa = PBXBuildFile; fileRef = 63EAD07F2587823F0000FAE2 /* CLLocation+Extension.swift */; };
		63EAD084258782800000FAE2 /* CLPlacemark+Extension.swift in Sources */ = {isa = PBXBuildFile; fileRef = 63EAD0832587827F0000FAE2 /* CLPlacemark+Extension.swift */; };
		63EAD08E2587A4930000FAE2 /* MKMapView+Extension.swift in Sources */ = {isa = PBXBuildFile; fileRef = 63EAD08D2587A4930000FAE2 /* MKMapView+Extension.swift */; };
		63EAD0922587A5740000FAE2 /* SearchResultCell.swift in Sources */ = {isa = PBXBuildFile; fileRef = 63EAD0912587A5740000FAE2 /* SearchResultCell.swift */; };
/* End PBXBuildFile section */

/* Begin PBXContainerItemProxy section */
		425490BF257A72DA00463284 /* PBXContainerItemProxy */ = {
			isa = PBXContainerItemProxy;
			containerPortal = 466C4268249A8748007D033E /* Project object */;
			proxyType = 1;
			remoteGlobalIDString = 466C426F249A8748007D033E;
			remoteInfo = Resfeber;
		};
/* End PBXContainerItemProxy section */

/* Begin PBXFileReference section */
		42549088257A6C4400463284 /* Trip.xcdatamodel */ = {isa = PBXFileReference; lastKnownFileType = wrapper.xcdatamodel; path = Trip.xcdatamodel; sourceTree = "<group>"; };
		425490BA257A72DA00463284 /* ResfeberTests.xctest */ = {isa = PBXFileReference; explicitFileType = wrapper.cfbundle; includeInIndex = 0; path = ResfeberTests.xctest; sourceTree = BUILT_PRODUCTS_DIR; };
		425490BC257A72DA00463284 /* TripsControllerTests.swift */ = {isa = PBXFileReference; lastKnownFileType = sourcecode.swift; path = TripsControllerTests.swift; sourceTree = "<group>"; };
		425490BE257A72DA00463284 /* Info.plist */ = {isa = PBXFileReference; lastKnownFileType = text.plist.xml; path = Info.plist; sourceTree = "<group>"; };
		425490C8257A750300463284 /* TestCoreDataStack.swift */ = {isa = PBXFileReference; lastKnownFileType = sourcecode.swift; path = TestCoreDataStack.swift; sourceTree = "<group>"; };
		425490CC257A754800463284 /* CoreDataStack.swift */ = {isa = PBXFileReference; lastKnownFileType = sourcecode.swift; path = CoreDataStack.swift; sourceTree = "<group>"; };
		425490E1257AC4DB00463284 /* Tripv2.xcdatamodel */ = {isa = PBXFileReference; lastKnownFileType = wrapper.xcdatamodel; path = Tripv2.xcdatamodel; sourceTree = "<group>"; };
		42EFBEFF257BD4000038C75A /* AddTripViewController.swift */ = {isa = PBXFileReference; lastKnownFileType = sourcecode.swift; path = AddTripViewController.swift; sourceTree = "<group>"; };
		42EFBF03257BE5290038C75A /* UITextField+Extension.swift */ = {isa = PBXFileReference; lastKnownFileType = sourcecode.swift; path = "UITextField+Extension.swift"; sourceTree = "<group>"; };
		463AD24224CF275900447BB8 /* ProfileDetailViewController.swift */ = {isa = PBXFileReference; lastKnownFileType = sourcecode.swift; path = ProfileDetailViewController.swift; sourceTree = "<group>"; };
		463AD24424CF2CDB00447BB8 /* AddProfileViewController.swift */ = {isa = PBXFileReference; lastKnownFileType = sourcecode.swift; path = AddProfileViewController.swift; sourceTree = "<group>"; };
		466C4270249A8748007D033E /* Resfeber.app */ = {isa = PBXFileReference; explicitFileType = wrapper.application; includeInIndex = 0; path = Resfeber.app; sourceTree = BUILT_PRODUCTS_DIR; };
		466C4273249A8748007D033E /* AppDelegate.swift */ = {isa = PBXFileReference; lastKnownFileType = sourcecode.swift; path = AppDelegate.swift; sourceTree = "<group>"; };
		466C4275249A8748007D033E /* SceneDelegate.swift */ = {isa = PBXFileReference; lastKnownFileType = sourcecode.swift; path = SceneDelegate.swift; sourceTree = "<group>"; };
		466C427A249A8748007D033E /* Base */ = {isa = PBXFileReference; lastKnownFileType = file.storyboard; name = Base; path = Base.lproj/Main.storyboard; sourceTree = "<group>"; };
		466C427C249A8749007D033E /* Assets.xcassets */ = {isa = PBXFileReference; lastKnownFileType = folder.assetcatalog; path = Assets.xcassets; sourceTree = "<group>"; };
		466C427F249A8749007D033E /* Base */ = {isa = PBXFileReference; lastKnownFileType = file.storyboard; name = Base; path = Base.lproj/LaunchScreen.storyboard; sourceTree = "<group>"; };
		466C4281249A8749007D033E /* Info.plist */ = {isa = PBXFileReference; lastKnownFileType = text.plist.xml; path = Info.plist; sourceTree = "<group>"; };
		466C4287249A889F007D033E /* File Organization.md */ = {isa = PBXFileReference; lastKnownFileType = net.daringfireball.markdown; path = "File Organization.md"; sourceTree = "<group>"; };
		46BEB4E024C9828800FE0CD1 /* Profile.swift */ = {isa = PBXFileReference; lastKnownFileType = sourcecode.swift; path = Profile.swift; sourceTree = "<group>"; };
		46BEB4E424C98CDC00FE0CD1 /* LoginViewController.swift */ = {isa = PBXFileReference; lastKnownFileType = sourcecode.swift; path = LoginViewController.swift; sourceTree = "<group>"; };
		46BEB4E624C98D8900FE0CD1 /* Notifications.swift */ = {isa = PBXFileReference; lastKnownFileType = sourcecode.swift; path = Notifications.swift; sourceTree = "<group>"; };
		46BEB4E824C98DAF00FE0CD1 /* ProfileListViewController.swift */ = {isa = PBXFileReference; lastKnownFileType = sourcecode.swift; path = ProfileListViewController.swift; sourceTree = "<group>"; };
		46BEB4ED24C98ECC00FE0CD1 /* ProfileController.swift */ = {isa = PBXFileReference; fileEncoding = 4; lastKnownFileType = sourcecode.swift; path = ProfileController.swift; sourceTree = "<group>"; };
		46BEB4F024C98F0D00FE0CD1 /* Profiles.storyboard */ = {isa = PBXFileReference; lastKnownFileType = file.storyboard; path = Profiles.storyboard; sourceTree = "<group>"; };
		46BF10BD24D388FF001C6753 /* UIViewController+SimpleAlert.swift */ = {isa = PBXFileReference; lastKnownFileType = sourcecode.swift; path = "UIViewController+SimpleAlert.swift"; sourceTree = "<group>"; };
		46C2BC9124D432F90077E49D /* ProfileTabBarViewController.swift */ = {isa = PBXFileReference; lastKnownFileType = sourcecode.swift; path = ProfileTabBarViewController.swift; sourceTree = "<group>"; };
		631FB91A259C86FB00B7F93B /* TextInputCell.swift */ = {isa = PBXFileReference; lastKnownFileType = sourcecode.swift; path = TextInputCell.swift; sourceTree = "<group>"; };
		631FB920259C87A100B7F93B /* TextViewInputCell.swift */ = {isa = PBXFileReference; lastKnownFileType = sourcecode.swift; path = TextViewInputCell.swift; sourceTree = "<group>"; };
		631FB924259C880500B7F93B /* LocationInputCell.swift */ = {isa = PBXFileReference; lastKnownFileType = sourcecode.swift; path = LocationInputCell.swift; sourceTree = "<group>"; };
		631FB928259C887D00B7F93B /* CategoryInputCell.swift */ = {isa = PBXFileReference; lastKnownFileType = sourcecode.swift; path = CategoryInputCell.swift; sourceTree = "<group>"; };
		631FB92C259C888900B7F93B /* DateInputCell.swift */ = {isa = PBXFileReference; lastKnownFileType = sourcecode.swift; path = DateInputCell.swift; sourceTree = "<group>"; };
		634A2FFF2564CA8D00C27289 /* SideMenuHeader.swift */ = {isa = PBXFileReference; lastKnownFileType = sourcecode.swift; path = SideMenuHeader.swift; sourceTree = "<group>"; };
		63632A8C2558DF9C00F70F9C /* TripsViewController.swift */ = {isa = PBXFileReference; lastKnownFileType = sourcecode.swift; path = TripsViewController.swift; sourceTree = "<group>"; };
		63632A912558F8AB00F70F9C /* UIView+Extension.swift */ = {isa = PBXFileReference; lastKnownFileType = sourcecode.swift; path = "UIView+Extension.swift"; sourceTree = "<group>"; };
		63632A9E2559244200F70F9C /* TripCell.swift */ = {isa = PBXFileReference; lastKnownFileType = sourcecode.swift; path = TripCell.swift; sourceTree = "<group>"; };
		63632AA725594CB400F70F9C /* MockData.xcassets */ = {isa = PBXFileReference; lastKnownFileType = folder.assetcatalog; path = MockData.xcassets; sourceTree = "<group>"; };
		637E583025A6B919007220FC /* UIFont+Extension.swift */ = {isa = PBXFileReference; lastKnownFileType = sourcecode.swift; path = "UIFont+Extension.swift"; sourceTree = "<group>"; };
		638DF0C625C20B0F005BB808 /* CoreDataService.swift */ = {isa = PBXFileReference; lastKnownFileType = sourcecode.swift; path = CoreDataService.swift; sourceTree = "<group>"; };
		638DF0D425C5B8FB005BB808 /* Router.swift */ = {isa = PBXFileReference; lastKnownFileType = sourcecode.swift; path = Router.swift; sourceTree = "<group>"; };
		63AE51F1258BE8A600C23D4F /* EventCategory.swift */ = {isa = PBXFileReference; lastKnownFileType = sourcecode.swift; path = EventCategory.swift; sourceTree = "<group>"; };
		63BA788D25B169F400ACCD95 /* Trip+CoreDataClass.swift */ = {isa = PBXFileReference; lastKnownFileType = sourcecode.swift; path = "Trip+CoreDataClass.swift"; sourceTree = "<group>"; };
		63BA788E25B169F400ACCD95 /* Trip+CoreDataProperties.swift */ = {isa = PBXFileReference; lastKnownFileType = sourcecode.swift; path = "Trip+CoreDataProperties.swift"; sourceTree = "<group>"; };
		63BA789A25B16CA000ACCD95 /* Event+CoreDataClass.swift */ = {isa = PBXFileReference; lastKnownFileType = sourcecode.swift; path = "Event+CoreDataClass.swift"; sourceTree = "<group>"; };
		63BA789B25B16CA000ACCD95 /* Event+CoreDataProperties.swift */ = {isa = PBXFileReference; lastKnownFileType = sourcecode.swift; path = "Event+CoreDataProperties.swift"; sourceTree = "<group>"; };
		63BA78D125B8A4A000ACCD95 /* RFWebService.swift */ = {isa = PBXFileReference; lastKnownFileType = sourcecode.swift; path = RFWebService.swift; sourceTree = "<group>"; };
		63BA78D525B8ABF600ACCD95 /* TripsController.swift */ = {isa = PBXFileReference; lastKnownFileType = sourcecode.swift; path = TripsController.swift; sourceTree = "<group>"; };
		63BA78DE25B9A13B00ACCD95 /* EventResult.swift */ = {isa = PBXFileReference; lastKnownFileType = sourcecode.swift; path = EventResult.swift; sourceTree = "<group>"; };
		63BA78E425B9A15000ACCD95 /* EventPOSTRequest.swift */ = {isa = PBXFileReference; lastKnownFileType = sourcecode.swift; path = EventPOSTRequest.swift; sourceTree = "<group>"; };
		63BA78E825B9A19E00ACCD95 /* TripResult.swift */ = {isa = PBXFileReference; lastKnownFileType = sourcecode.swift; path = TripResult.swift; sourceTree = "<group>"; };
		63BA78EC25B9A1CA00ACCD95 /* TripPOSTRequest.swift */ = {isa = PBXFileReference; lastKnownFileType = sourcecode.swift; path = TripPOSTRequest.swift; sourceTree = "<group>"; };
		63BA78F025B9A21700ACCD95 /* TripResultWithEvents.swift */ = {isa = PBXFileReference; lastKnownFileType = sourcecode.swift; path = TripResultWithEvents.swift; sourceTree = "<group>"; };
		63BA78F425B9A2C800ACCD95 /* HTTPMethod.swift */ = {isa = PBXFileReference; lastKnownFileType = sourcecode.swift; path = HTTPMethod.swift; sourceTree = "<group>"; };
		63BA78F825B9A2F300ACCD95 /* Bearer.swift */ = {isa = PBXFileReference; lastKnownFileType = sourcecode.swift; path = Bearer.swift; sourceTree = "<group>"; };
		63BA78FC25B9A30D00ACCD95 /* NetworkError.swift */ = {isa = PBXFileReference; lastKnownFileType = sourcecode.swift; path = NetworkError.swift; sourceTree = "<group>"; };
		63D22D092592705D001F594A /* EventDetailViewController.swift */ = {isa = PBXFileReference; lastKnownFileType = sourcecode.swift; path = EventDetailViewController.swift; sourceTree = "<group>"; };
		63D22D0E2592CEFE001F594A /* LocationSearchViewController.swift */ = {isa = PBXFileReference; lastKnownFileType = sourcecode.swift; path = LocationSearchViewController.swift; sourceTree = "<group>"; };
		63D22D252595A8E1001F594A /* AddEventSection.swift */ = {isa = PBXFileReference; lastKnownFileType = sourcecode.swift; path = AddEventSection.swift; sourceTree = "<group>"; };
		63D22D2925968FBD001F594A /* EventDetailCell.swift */ = {isa = PBXFileReference; lastKnownFileType = sourcecode.swift; path = EventDetailCell.swift; sourceTree = "<group>"; };
		63D68DBA256497E400BFF20B /* ProfileViewController.swift */ = {isa = PBXFileReference; lastKnownFileType = sourcecode.swift; path = ProfileViewController.swift; sourceTree = "<group>"; };
		63D68E222564A07200BFF20B /* SideMenuCell.swift */ = {isa = PBXFileReference; lastKnownFileType = sourcecode.swift; path = SideMenuCell.swift; sourceTree = "<group>"; };
		63D68E252564A0A500BFF20B /* ContainerController.swift */ = {isa = PBXFileReference; lastKnownFileType = sourcecode.swift; path = ContainerController.swift; sourceTree = "<group>"; };
		63D68E282564A0CE00BFF20B /* SideMenuController.swift */ = {isa = PBXFileReference; lastKnownFileType = sourcecode.swift; path = SideMenuController.swift; sourceTree = "<group>"; };
		63EAD02B257A01340000FAE2 /* RFColor.swift */ = {isa = PBXFileReference; lastKnownFileType = sourcecode.swift; path = RFColor.swift; sourceTree = "<group>"; };
		63EAD059258726B30000FAE2 /* TripDetailViewController.swift */ = {isa = PBXFileReference; lastKnownFileType = sourcecode.swift; path = TripDetailViewController.swift; sourceTree = "<group>"; };
		63EAD075258747F80000FAE2 /* EventCell.swift */ = {isa = PBXFileReference; lastKnownFileType = sourcecode.swift; path = EventCell.swift; sourceTree = "<group>"; };
		63EAD07F2587823F0000FAE2 /* CLLocation+Extension.swift */ = {isa = PBXFileReference; lastKnownFileType = sourcecode.swift; path = "CLLocation+Extension.swift"; sourceTree = "<group>"; };
		63EAD0832587827F0000FAE2 /* CLPlacemark+Extension.swift */ = {isa = PBXFileReference; lastKnownFileType = sourcecode.swift; path = "CLPlacemark+Extension.swift"; sourceTree = "<group>"; };
		63EAD08D2587A4930000FAE2 /* MKMapView+Extension.swift */ = {isa = PBXFileReference; lastKnownFileType = sourcecode.swift; path = "MKMapView+Extension.swift"; sourceTree = "<group>"; };
		63EAD0912587A5740000FAE2 /* SearchResultCell.swift */ = {isa = PBXFileReference; lastKnownFileType = sourcecode.swift; path = SearchResultCell.swift; sourceTree = "<group>"; };
/* End PBXFileReference section */

/* Begin PBXFrameworksBuildPhase section */
		425490B7257A72DA00463284 /* Frameworks */ = {
			isa = PBXFrameworksBuildPhase;
			buildActionMask = 2147483647;
			files = (
			);
			runOnlyForDeploymentPostprocessing = 0;
		};
		466C426D249A8748007D033E /* Frameworks */ = {
			isa = PBXFrameworksBuildPhase;
			buildActionMask = 2147483647;
			files = (
				46908EB62513C971003252BA /* OktaAuth in Frameworks */,
			);
			runOnlyForDeploymentPostprocessing = 0;
		};
/* End PBXFrameworksBuildPhase section */

/* Begin PBXGroup section */
		425490BB257A72DA00463284 /* ResfeberTests */ = {
			isa = PBXGroup;
			children = (
				425490BC257A72DA00463284 /* TripsControllerTests.swift */,
				425490BE257A72DA00463284 /* Info.plist */,
				425490C8257A750300463284 /* TestCoreDataStack.swift */,
			);
			path = ResfeberTests;
			sourceTree = "<group>";
		};
		425490D2257A762000463284 /* CoreData */ = {
			isa = PBXGroup;
			children = (
				425490CC257A754800463284 /* CoreDataStack.swift */,
				63BA789A25B16CA000ACCD95 /* Event+CoreDataClass.swift */,
				63BA789B25B16CA000ACCD95 /* Event+CoreDataProperties.swift */,
				63BA788D25B169F400ACCD95 /* Trip+CoreDataClass.swift */,
				63BA788E25B169F400ACCD95 /* Trip+CoreDataProperties.swift */,
				42549087257A6C4400463284 /* Trip.xcdatamodeld */,
			);
			path = CoreData;
			sourceTree = "<group>";
		};
		42D1062C25560F1E00A07604 /* View Controllers */ = {
			isa = PBXGroup;
			children = (
				42EFBEFF257BD4000038C75A /* AddTripViewController.swift */,
				63D68E252564A0A500BFF20B /* ContainerController.swift */,
				63D22D092592705D001F594A /* EventDetailViewController.swift */,
				63D22D0E2592CEFE001F594A /* LocationSearchViewController.swift */,
				63D68DBA256497E400BFF20B /* ProfileViewController.swift */,
				63D68E282564A0CE00BFF20B /* SideMenuController.swift */,
				63EAD059258726B30000FAE2 /* TripDetailViewController.swift */,
				63632A8C2558DF9C00F70F9C /* TripsViewController.swift */,
			);
			path = "View Controllers";
			sourceTree = "<group>";
		};
		465DAA2724BD0BC100D94C24 /* App Lifecycle */ = {
			isa = PBXGroup;
			children = (
				466C4273249A8748007D033E /* AppDelegate.swift */,
				466C4275249A8748007D033E /* SceneDelegate.swift */,
				466C427E249A8749007D033E /* LaunchScreen.storyboard */,
			);
			path = "App Lifecycle";
			sourceTree = "<group>";
		};
		466C4267249A8748007D033E = {
			isa = PBXGroup;
			children = (
				466C4272249A8748007D033E /* Resfeber */,
				425490BB257A72DA00463284 /* ResfeberTests */,
				466C4271249A8748007D033E /* Products */,
			);
			sourceTree = "<group>";
		};
		466C4271249A8748007D033E /* Products */ = {
			isa = PBXGroup;
			children = (
				466C4270249A8748007D033E /* Resfeber.app */,
				425490BA257A72DA00463284 /* ResfeberTests.xctest */,
			);
			name = Products;
			sourceTree = "<group>";
		};
		466C4272249A8748007D033E /* Resfeber */ = {
			isa = PBXGroup;
			children = (
				46BEB4EB24C98EB400FE0CD1 /* Model */,
				46BEB4EC24C98EBB00FE0CD1 /* Model Controller */,
				63632A9D2559242D00F70F9C /* Views */,
				42D1062C25560F1E00A07604 /* View Controllers */,
				46BEB4EF24C98ED900FE0CD1 /* Login */,
				46BEB4F224C98F1100FE0CD1 /* Profiles */,
				46BEB4EA24C98EA300FE0CD1 /* Helpers */,
				465DAA2724BD0BC100D94C24 /* App Lifecycle */,
				466C427C249A8749007D033E /* Assets.xcassets */,
				63632AA725594CB400F70F9C /* MockData.xcassets */,
				466C4281249A8749007D033E /* Info.plist */,
				466C4287249A889F007D033E /* File Organization.md */,
			);
			path = Resfeber;
			sourceTree = "<group>";
		};
		46BEB4EA24C98EA300FE0CD1 /* Helpers */ = {
			isa = PBXGroup;
			children = (
				63EAD07F2587823F0000FAE2 /* CLLocation+Extension.swift */,
				63EAD0832587827F0000FAE2 /* CLPlacemark+Extension.swift */,
				63EAD08D2587A4930000FAE2 /* MKMapView+Extension.swift */,
				46BEB4E624C98D8900FE0CD1 /* Notifications.swift */,
				63EAD02B257A01340000FAE2 /* RFColor.swift */,
				637E583025A6B919007220FC /* UIFont+Extension.swift */,
				42EFBF03257BE5290038C75A /* UITextField+Extension.swift */,
				63632A912558F8AB00F70F9C /* UIView+Extension.swift */,
				46BF10BD24D388FF001C6753 /* UIViewController+SimpleAlert.swift */,
				638DF0F225C867BA005BB808 /* Networking */,
			);
			path = Helpers;
			sourceTree = "<group>";
		};
		46BEB4EB24C98EB400FE0CD1 /* Model */ = {
			isa = PBXGroup;
			children = (
				63D22D252595A8E1001F594A /* AddEventSection.swift */,
				63AE51F1258BE8A600C23D4F /* EventCategory.swift */,
				46BEB4E024C9828800FE0CD1 /* Profile.swift */,
				63BA78DD25B9A12A00ACCD95 /* Backend API */,
				425490D2257A762000463284 /* CoreData */,
			);
			path = Model;
			sourceTree = "<group>";
		};
		46BEB4EC24C98EBB00FE0CD1 /* Model Controller */ = {
			isa = PBXGroup;
			children = (
				638DF0C625C20B0F005BB808 /* CoreDataService.swift */,
				46BEB4ED24C98ECC00FE0CD1 /* ProfileController.swift */,
				63BA78D125B8A4A000ACCD95 /* RFWebService.swift */,
				63BA78D525B8ABF600ACCD95 /* TripsController.swift */,
			);
			path = "Model Controller";
			sourceTree = "<group>";
		};
		46BEB4EF24C98ED900FE0CD1 /* Login */ = {
			isa = PBXGroup;
			children = (
				463AD24424CF2CDB00447BB8 /* AddProfileViewController.swift */,
				46BEB4E424C98CDC00FE0CD1 /* LoginViewController.swift */,
				46C2BC9124D432F90077E49D /* ProfileTabBarViewController.swift */,
				466C4279249A8748007D033E /* Main.storyboard */,
			);
			path = Login;
			sourceTree = "<group>";
		};
		46BEB4F224C98F1100FE0CD1 /* Profiles */ = {
			isa = PBXGroup;
			children = (
				46BEB4F024C98F0D00FE0CD1 /* Profiles.storyboard */,
				463AD24224CF275900447BB8 /* ProfileDetailViewController.swift */,
				46BEB4E824C98DAF00FE0CD1 /* ProfileListViewController.swift */,
			);
			path = Profiles;
			sourceTree = "<group>";
		};
		631FB916259C84B100B7F93B /* Event Input Form */ = {
			isa = PBXGroup;
			children = (
				631FB928259C887D00B7F93B /* CategoryInputCell.swift */,
				631FB92C259C888900B7F93B /* DateInputCell.swift */,
				63D22D2925968FBD001F594A /* EventDetailCell.swift */,
				631FB924259C880500B7F93B /* LocationInputCell.swift */,
				631FB91A259C86FB00B7F93B /* TextInputCell.swift */,
				631FB920259C87A100B7F93B /* TextViewInputCell.swift */,
			);
			path = "Event Input Form";
			sourceTree = "<group>";
		};
		63632A9D2559242D00F70F9C /* Views */ = {
			isa = PBXGroup;
			children = (
				63EAD075258747F80000FAE2 /* EventCell.swift */,
				63EAD0912587A5740000FAE2 /* SearchResultCell.swift */,
				63D68E222564A07200BFF20B /* SideMenuCell.swift */,
				634A2FFF2564CA8D00C27289 /* SideMenuHeader.swift */,
				63632A9E2559244200F70F9C /* TripCell.swift */,
				631FB916259C84B100B7F93B /* Event Input Form */,
			);
			path = Views;
			sourceTree = "<group>";
		};
		638DF0F225C867BA005BB808 /* Networking */ = {
			isa = PBXGroup;
			children = (
				63BA78F825B9A2F300ACCD95 /* Bearer.swift */,
				63BA78F425B9A2C800ACCD95 /* HTTPMethod.swift */,
				63BA78FC25B9A30D00ACCD95 /* NetworkError.swift */,
				638DF0D425C5B8FB005BB808 /* Router.swift */,
			);
			path = Networking;
			sourceTree = "<group>";
		};
		63BA78DD25B9A12A00ACCD95 /* Backend API */ = {
			isa = PBXGroup;
			children = (
				63BA78E425B9A15000ACCD95 /* EventPOSTRequest.swift */,
				63BA78DE25B9A13B00ACCD95 /* EventResult.swift */,
				63BA78EC25B9A1CA00ACCD95 /* TripPOSTRequest.swift */,
				63BA78E825B9A19E00ACCD95 /* TripResult.swift */,
				63BA78F025B9A21700ACCD95 /* TripResultWithEvents.swift */,
			);
			path = "Backend API";
			sourceTree = "<group>";
		};
/* End PBXGroup section */

/* Begin PBXNativeTarget section */
		425490B9257A72DA00463284 /* ResfeberTests */ = {
			isa = PBXNativeTarget;
			buildConfigurationList = 425490C1257A72DA00463284 /* Build configuration list for PBXNativeTarget "ResfeberTests" */;
			buildPhases = (
				425490B6257A72DA00463284 /* Sources */,
				425490B7257A72DA00463284 /* Frameworks */,
				425490B8257A72DA00463284 /* Resources */,
			);
			buildRules = (
			);
			dependencies = (
				425490C0257A72DA00463284 /* PBXTargetDependency */,
			);
			name = ResfeberTests;
			productName = ResfeberTests;
			productReference = 425490BA257A72DA00463284 /* ResfeberTests.xctest */;
			productType = "com.apple.product-type.bundle.unit-test";
		};
		466C426F249A8748007D033E /* Resfeber */ = {
			isa = PBXNativeTarget;
			buildConfigurationList = 466C4284249A8749007D033E /* Build configuration list for PBXNativeTarget "Resfeber" */;
			buildPhases = (
				466C426C249A8748007D033E /* Sources */,
				466C426D249A8748007D033E /* Frameworks */,
				466C426E249A8748007D033E /* Resources */,
			);
			buildRules = (
			);
			dependencies = (
			);
			name = Resfeber;
			packageProductDependencies = (
				46908EB52513C971003252BA /* OktaAuth */,
			);
			productName = LabsScaffolding;
			productReference = 466C4270249A8748007D033E /* Resfeber.app */;
			productType = "com.apple.product-type.application";
		};
/* End PBXNativeTarget section */

/* Begin PBXProject section */
		466C4268249A8748007D033E /* Project object */ = {
			isa = PBXProject;
			attributes = {
				LastSwiftUpdateCheck = 1220;
				LastUpgradeCheck = 1220;
				ORGANIZATIONNAME = "Spencer Curtis";
				TargetAttributes = {
					425490B9257A72DA00463284 = {
						CreatedOnToolsVersion = 12.2;
						TestTargetID = 466C426F249A8748007D033E;
					};
					466C426F249A8748007D033E = {
						CreatedOnToolsVersion = 11.5;
					};
				};
			};
			buildConfigurationList = 466C426B249A8748007D033E /* Build configuration list for PBXProject "Resfeber" */;
			compatibilityVersion = "Xcode 9.3";
			developmentRegion = en;
			hasScannedForEncodings = 0;
			knownRegions = (
				en,
				Base,
			);
			mainGroup = 466C4267249A8748007D033E;
			packageReferences = (
				46908EB42513C971003252BA /* XCRemoteSwiftPackageReference "OktaAuth" */,
			);
			productRefGroup = 466C4271249A8748007D033E /* Products */;
			projectDirPath = "";
			projectRoot = "";
			targets = (
				466C426F249A8748007D033E /* Resfeber */,
				425490B9257A72DA00463284 /* ResfeberTests */,
			);
		};
/* End PBXProject section */

/* Begin PBXResourcesBuildPhase section */
		425490B8257A72DA00463284 /* Resources */ = {
			isa = PBXResourcesBuildPhase;
			buildActionMask = 2147483647;
			files = (
			);
			runOnlyForDeploymentPostprocessing = 0;
		};
		466C426E249A8748007D033E /* Resources */ = {
			isa = PBXResourcesBuildPhase;
			buildActionMask = 2147483647;
			files = (
				466C4280249A8749007D033E /* LaunchScreen.storyboard in Resources */,
				466C427D249A8749007D033E /* Assets.xcassets in Resources */,
				46BEB4F124C98F0D00FE0CD1 /* Profiles.storyboard in Resources */,
				466C427B249A8748007D033E /* Main.storyboard in Resources */,
				63632AA825594CB400F70F9C /* MockData.xcassets in Resources */,
			);
			runOnlyForDeploymentPostprocessing = 0;
		};
/* End PBXResourcesBuildPhase section */

/* Begin PBXSourcesBuildPhase section */
		425490B6257A72DA00463284 /* Sources */ = {
			isa = PBXSourcesBuildPhase;
			buildActionMask = 2147483647;
			files = (
				425490BD257A72DA00463284 /* TripsControllerTests.swift in Sources */,
				425490C9257A750300463284 /* TestCoreDataStack.swift in Sources */,
			);
			runOnlyForDeploymentPostprocessing = 0;
		};
		466C426C249A8748007D033E /* Sources */ = {
			isa = PBXSourcesBuildPhase;
			buildActionMask = 2147483647;
			files = (
				631FB929259C887D00B7F93B /* CategoryInputCell.swift in Sources */,
				63BA78E525B9A15000ACCD95 /* EventPOSTRequest.swift in Sources */,
				46BEB4EE24C98ECC00FE0CD1 /* ProfileController.swift in Sources */,
				63D22D0A2592705D001F594A /* EventDetailViewController.swift in Sources */,
				63D68E292564A0CE00BFF20B /* SideMenuController.swift in Sources */,
				46BF10BE24D388FF001C6753 /* UIViewController+SimpleAlert.swift in Sources */,
				63D68E232564A07200BFF20B /* SideMenuCell.swift in Sources */,
				638DF0C725C20B0F005BB808 /* CoreDataService.swift in Sources */,
				42EFBF00257BD4010038C75A /* AddTripViewController.swift in Sources */,
				63BA78D625B8ABF600ACCD95 /* TripsController.swift in Sources */,
				63D22D0F2592CEFE001F594A /* LocationSearchViewController.swift in Sources */,
				63BA78FD25B9A30D00ACCD95 /* NetworkError.swift in Sources */,
				63EAD0922587A5740000FAE2 /* SearchResultCell.swift in Sources */,
				63632A9F2559244200F70F9C /* TripCell.swift in Sources */,
				63BA78F925B9A2F300ACCD95 /* Bearer.swift in Sources */,
				631FB92D259C888900B7F93B /* DateInputCell.swift in Sources */,
				46BEB4E724C98D8900FE0CD1 /* Notifications.swift in Sources */,
				63BA78DF25B9A13B00ACCD95 /* EventResult.swift in Sources */,
				63D22D262595A8E1001F594A /* AddEventSection.swift in Sources */,
				63632A8D2558DF9C00F70F9C /* TripsViewController.swift in Sources */,
				63BA789025B169F400ACCD95 /* Trip+CoreDataProperties.swift in Sources */,
				634A30002564CA8D00C27289 /* SideMenuHeader.swift in Sources */,
				63EAD05A258726B30000FAE2 /* TripDetailViewController.swift in Sources */,
				63BA789D25B16CA000ACCD95 /* Event+CoreDataProperties.swift in Sources */,
				63D68E262564A0A500BFF20B /* ContainerController.swift in Sources */,
				638DF0D525C5B8FB005BB808 /* Router.swift in Sources */,
				63D68DBB256497E400BFF20B /* ProfileViewController.swift in Sources */,
				63BA78E925B9A19E00ACCD95 /* TripResult.swift in Sources */,
				637E583125A6B919007220FC /* UIFont+Extension.swift in Sources */,
				46BEB4E124C9828800FE0CD1 /* Profile.swift in Sources */,
				631FB921259C87A100B7F93B /* TextViewInputCell.swift in Sources */,
				46BEB4E924C98DAF00FE0CD1 /* ProfileListViewController.swift in Sources */,
				63EAD02C257A01340000FAE2 /* RFColor.swift in Sources */,
				631FB91B259C86FB00B7F93B /* TextInputCell.swift in Sources */,
				463AD24524CF2CDB00447BB8 /* AddProfileViewController.swift in Sources */,
				42549089257A6C4400463284 /* Trip.xcdatamodeld in Sources */,
				63EAD0802587823F0000FAE2 /* CLLocation+Extension.swift in Sources */,
				631FB925259C880500B7F93B /* LocationInputCell.swift in Sources */,
				63BA789C25B16CA000ACCD95 /* Event+CoreDataClass.swift in Sources */,
				63632A922558F8AB00F70F9C /* UIView+Extension.swift in Sources */,
				466C4274249A8748007D033E /* AppDelegate.swift in Sources */,
				63BA78F525B9A2C800ACCD95 /* HTTPMethod.swift in Sources */,
				63BA788F25B169F400ACCD95 /* Trip+CoreDataClass.swift in Sources */,
				63D22D2A25968FBD001F594A /* EventDetailCell.swift in Sources */,
				63BA78ED25B9A1CA00ACCD95 /* TripPOSTRequest.swift in Sources */,
				425490CD257A754800463284 /* CoreDataStack.swift in Sources */,
				63EAD08E2587A4930000FAE2 /* MKMapView+Extension.swift in Sources */,
				42EFBF04257BE5290038C75A /* UITextField+Extension.swift in Sources */,
				63BA78F125B9A21700ACCD95 /* TripResultWithEvents.swift in Sources */,
				46C2BC9224D432F90077E49D /* ProfileTabBarViewController.swift in Sources */,
				63EAD076258747F80000FAE2 /* EventCell.swift in Sources */,
				63AE51F2258BE8A600C23D4F /* EventCategory.swift in Sources */,
				63BA78D225B8A4A000ACCD95 /* RFWebService.swift in Sources */,
				463AD24324CF275900447BB8 /* ProfileDetailViewController.swift in Sources */,
				46BEB4E524C98CDC00FE0CD1 /* LoginViewController.swift in Sources */,
				466C4276249A8748007D033E /* SceneDelegate.swift in Sources */,
				63EAD084258782800000FAE2 /* CLPlacemark+Extension.swift in Sources */,
			);
			runOnlyForDeploymentPostprocessing = 0;
		};
/* End PBXSourcesBuildPhase section */

/* Begin PBXTargetDependency section */
		425490C0257A72DA00463284 /* PBXTargetDependency */ = {
			isa = PBXTargetDependency;
			target = 466C426F249A8748007D033E /* Resfeber */;
			targetProxy = 425490BF257A72DA00463284 /* PBXContainerItemProxy */;
		};
/* End PBXTargetDependency section */

/* Begin PBXVariantGroup section */
		466C4279249A8748007D033E /* Main.storyboard */ = {
			isa = PBXVariantGroup;
			children = (
				466C427A249A8748007D033E /* Base */,
			);
			name = Main.storyboard;
			sourceTree = "<group>";
		};
		466C427E249A8749007D033E /* LaunchScreen.storyboard */ = {
			isa = PBXVariantGroup;
			children = (
				466C427F249A8749007D033E /* Base */,
			);
			name = LaunchScreen.storyboard;
			sourceTree = "<group>";
		};
/* End PBXVariantGroup section */

/* Begin XCBuildConfiguration section */
		425490C2257A72DA00463284 /* Debug */ = {
			isa = XCBuildConfiguration;
			buildSettings = {
				BUNDLE_LOADER = "$(TEST_HOST)";
				CODE_SIGN_STYLE = Automatic;
				DEVELOPMENT_TEAM = T22WQ5292J;
				INFOPLIST_FILE = ResfeberTests/Info.plist;
				IPHONEOS_DEPLOYMENT_TARGET = 14.2;
				LD_RUNPATH_SEARCH_PATHS = (
					"$(inherited)",
					"@executable_path/Frameworks",
					"@loader_path/Frameworks",
				);
				PRODUCT_BUNDLE_IDENTIFIER = com.ski.ResfeberTests;
				PRODUCT_NAME = "$(TARGET_NAME)";
				SWIFT_VERSION = 5.0;
				TARGETED_DEVICE_FAMILY = "1,2";
				TEST_HOST = "$(BUILT_PRODUCTS_DIR)/Resfeber.app/Resfeber";
			};
			name = Debug;
		};
		425490C3257A72DA00463284 /* Release */ = {
			isa = XCBuildConfiguration;
			buildSettings = {
				BUNDLE_LOADER = "$(TEST_HOST)";
				CODE_SIGN_STYLE = Automatic;
				DEVELOPMENT_TEAM = T22WQ5292J;
				INFOPLIST_FILE = ResfeberTests/Info.plist;
				IPHONEOS_DEPLOYMENT_TARGET = 14.2;
				LD_RUNPATH_SEARCH_PATHS = (
					"$(inherited)",
					"@executable_path/Frameworks",
					"@loader_path/Frameworks",
				);
				PRODUCT_BUNDLE_IDENTIFIER = com.ski.ResfeberTests;
				PRODUCT_NAME = "$(TARGET_NAME)";
				SWIFT_VERSION = 5.0;
				TARGETED_DEVICE_FAMILY = "1,2";
				TEST_HOST = "$(BUILT_PRODUCTS_DIR)/Resfeber.app/Resfeber";
			};
			name = Release;
		};
		466C4282249A8749007D033E /* Debug */ = {
			isa = XCBuildConfiguration;
			buildSettings = {
				ALWAYS_SEARCH_USER_PATHS = NO;
				CLANG_ANALYZER_NONNULL = YES;
				CLANG_ANALYZER_NUMBER_OBJECT_CONVERSION = YES_AGGRESSIVE;
				CLANG_CXX_LANGUAGE_STANDARD = "gnu++14";
				CLANG_CXX_LIBRARY = "libc++";
				CLANG_ENABLE_MODULES = YES;
				CLANG_ENABLE_OBJC_ARC = YES;
				CLANG_ENABLE_OBJC_WEAK = YES;
				CLANG_WARN_BLOCK_CAPTURE_AUTORELEASING = YES;
				CLANG_WARN_BOOL_CONVERSION = YES;
				CLANG_WARN_COMMA = YES;
				CLANG_WARN_CONSTANT_CONVERSION = YES;
				CLANG_WARN_DEPRECATED_OBJC_IMPLEMENTATIONS = YES;
				CLANG_WARN_DIRECT_OBJC_ISA_USAGE = YES_ERROR;
				CLANG_WARN_DOCUMENTATION_COMMENTS = YES;
				CLANG_WARN_EMPTY_BODY = YES;
				CLANG_WARN_ENUM_CONVERSION = YES;
				CLANG_WARN_INFINITE_RECURSION = YES;
				CLANG_WARN_INT_CONVERSION = YES;
				CLANG_WARN_NON_LITERAL_NULL_CONVERSION = YES;
				CLANG_WARN_OBJC_IMPLICIT_RETAIN_SELF = YES;
				CLANG_WARN_OBJC_LITERAL_CONVERSION = YES;
				CLANG_WARN_OBJC_ROOT_CLASS = YES_ERROR;
				CLANG_WARN_QUOTED_INCLUDE_IN_FRAMEWORK_HEADER = YES;
				CLANG_WARN_RANGE_LOOP_ANALYSIS = YES;
				CLANG_WARN_STRICT_PROTOTYPES = YES;
				CLANG_WARN_SUSPICIOUS_MOVE = YES;
				CLANG_WARN_UNGUARDED_AVAILABILITY = YES_AGGRESSIVE;
				CLANG_WARN_UNREACHABLE_CODE = YES;
				CLANG_WARN__DUPLICATE_METHOD_MATCH = YES;
				COPY_PHASE_STRIP = NO;
				DEBUG_INFORMATION_FORMAT = dwarf;
				ENABLE_STRICT_OBJC_MSGSEND = YES;
				ENABLE_TESTABILITY = YES;
				GCC_C_LANGUAGE_STANDARD = gnu11;
				GCC_DYNAMIC_NO_PIC = NO;
				GCC_NO_COMMON_BLOCKS = YES;
				GCC_OPTIMIZATION_LEVEL = 0;
				GCC_PREPROCESSOR_DEFINITIONS = (
					"DEBUG=1",
					"$(inherited)",
				);
				GCC_WARN_64_TO_32_BIT_CONVERSION = YES;
				GCC_WARN_ABOUT_RETURN_TYPE = YES_ERROR;
				GCC_WARN_UNDECLARED_SELECTOR = YES;
				GCC_WARN_UNINITIALIZED_AUTOS = YES_AGGRESSIVE;
				GCC_WARN_UNUSED_FUNCTION = YES;
				GCC_WARN_UNUSED_VARIABLE = YES;
				IPHONEOS_DEPLOYMENT_TARGET = 14.0;
				MTL_ENABLE_DEBUG_INFO = INCLUDE_SOURCE;
				MTL_FAST_MATH = YES;
				ONLY_ACTIVE_ARCH = YES;
				SDKROOT = iphoneos;
				SWIFT_ACTIVE_COMPILATION_CONDITIONS = DEBUG;
				SWIFT_OPTIMIZATION_LEVEL = "-Onone";
			};
			name = Debug;
		};
		466C4283249A8749007D033E /* Release */ = {
			isa = XCBuildConfiguration;
			buildSettings = {
				ALWAYS_SEARCH_USER_PATHS = NO;
				CLANG_ANALYZER_NONNULL = YES;
				CLANG_ANALYZER_NUMBER_OBJECT_CONVERSION = YES_AGGRESSIVE;
				CLANG_CXX_LANGUAGE_STANDARD = "gnu++14";
				CLANG_CXX_LIBRARY = "libc++";
				CLANG_ENABLE_MODULES = YES;
				CLANG_ENABLE_OBJC_ARC = YES;
				CLANG_ENABLE_OBJC_WEAK = YES;
				CLANG_WARN_BLOCK_CAPTURE_AUTORELEASING = YES;
				CLANG_WARN_BOOL_CONVERSION = YES;
				CLANG_WARN_COMMA = YES;
				CLANG_WARN_CONSTANT_CONVERSION = YES;
				CLANG_WARN_DEPRECATED_OBJC_IMPLEMENTATIONS = YES;
				CLANG_WARN_DIRECT_OBJC_ISA_USAGE = YES_ERROR;
				CLANG_WARN_DOCUMENTATION_COMMENTS = YES;
				CLANG_WARN_EMPTY_BODY = YES;
				CLANG_WARN_ENUM_CONVERSION = YES;
				CLANG_WARN_INFINITE_RECURSION = YES;
				CLANG_WARN_INT_CONVERSION = YES;
				CLANG_WARN_NON_LITERAL_NULL_CONVERSION = YES;
				CLANG_WARN_OBJC_IMPLICIT_RETAIN_SELF = YES;
				CLANG_WARN_OBJC_LITERAL_CONVERSION = YES;
				CLANG_WARN_OBJC_ROOT_CLASS = YES_ERROR;
				CLANG_WARN_QUOTED_INCLUDE_IN_FRAMEWORK_HEADER = YES;
				CLANG_WARN_RANGE_LOOP_ANALYSIS = YES;
				CLANG_WARN_STRICT_PROTOTYPES = YES;
				CLANG_WARN_SUSPICIOUS_MOVE = YES;
				CLANG_WARN_UNGUARDED_AVAILABILITY = YES_AGGRESSIVE;
				CLANG_WARN_UNREACHABLE_CODE = YES;
				CLANG_WARN__DUPLICATE_METHOD_MATCH = YES;
				COPY_PHASE_STRIP = NO;
				DEBUG_INFORMATION_FORMAT = "dwarf-with-dsym";
				ENABLE_NS_ASSERTIONS = NO;
				ENABLE_STRICT_OBJC_MSGSEND = YES;
				GCC_C_LANGUAGE_STANDARD = gnu11;
				GCC_NO_COMMON_BLOCKS = YES;
				GCC_WARN_64_TO_32_BIT_CONVERSION = YES;
				GCC_WARN_ABOUT_RETURN_TYPE = YES_ERROR;
				GCC_WARN_UNDECLARED_SELECTOR = YES;
				GCC_WARN_UNINITIALIZED_AUTOS = YES_AGGRESSIVE;
				GCC_WARN_UNUSED_FUNCTION = YES;
				GCC_WARN_UNUSED_VARIABLE = YES;
				IPHONEOS_DEPLOYMENT_TARGET = 14.0;
				MTL_ENABLE_DEBUG_INFO = NO;
				MTL_FAST_MATH = YES;
				SDKROOT = iphoneos;
				SWIFT_COMPILATION_MODE = wholemodule;
				SWIFT_OPTIMIZATION_LEVEL = "-O";
				VALIDATE_PRODUCT = YES;
			};
			name = Release;
		};
		466C4285249A8749007D033E /* Debug */ = {
			isa = XCBuildConfiguration;
			buildSettings = {
				ASSETCATALOG_COMPILER_APPICON_NAME = AppIcon;
				CODE_SIGN_STYLE = Automatic;
				DEVELOPMENT_TEAM = 3BQB6FYF6S;
				INFOPLIST_FILE = "$(SRCROOT)/Resfeber/Info.plist";
				IPHONEOS_DEPLOYMENT_TARGET = 14.0;
				LD_RUNPATH_SEARCH_PATHS = (
					"$(inherited)",
					"@executable_path/Frameworks",
				);
				MARKETING_VERSION = 1.0;
				PRODUCT_BUNDLE_IDENTIFIER = com.LambdaSchool.LabsScaffolding;
				PRODUCT_NAME = "$(TARGET_NAME)";
				SWIFT_VERSION = 5.0;
				TARGETED_DEVICE_FAMILY = 1;
			};
			name = Debug;
		};
		466C4286249A8749007D033E /* Release */ = {
			isa = XCBuildConfiguration;
			buildSettings = {
				ASSETCATALOG_COMPILER_APPICON_NAME = AppIcon;
				CODE_SIGN_STYLE = Automatic;
				DEVELOPMENT_TEAM = 3BQB6FYF6S;
				INFOPLIST_FILE = "$(SRCROOT)/Resfeber/Info.plist";
				IPHONEOS_DEPLOYMENT_TARGET = 14.0;
				LD_RUNPATH_SEARCH_PATHS = (
					"$(inherited)",
					"@executable_path/Frameworks",
				);
				MARKETING_VERSION = 1.0;
				PRODUCT_BUNDLE_IDENTIFIER = com.LambdaSchool.LabsScaffolding;
				PRODUCT_NAME = "$(TARGET_NAME)";
				SWIFT_VERSION = 5.0;
				TARGETED_DEVICE_FAMILY = 1;
			};
			name = Release;
		};
/* End XCBuildConfiguration section */

/* Begin XCConfigurationList section */
		425490C1257A72DA00463284 /* Build configuration list for PBXNativeTarget "ResfeberTests" */ = {
			isa = XCConfigurationList;
			buildConfigurations = (
				425490C2257A72DA00463284 /* Debug */,
				425490C3257A72DA00463284 /* Release */,
			);
			defaultConfigurationIsVisible = 0;
			defaultConfigurationName = Release;
		};
		466C426B249A8748007D033E /* Build configuration list for PBXProject "Resfeber" */ = {
			isa = XCConfigurationList;
			buildConfigurations = (
				466C4282249A8749007D033E /* Debug */,
				466C4283249A8749007D033E /* Release */,
			);
			defaultConfigurationIsVisible = 0;
			defaultConfigurationName = Release;
		};
		466C4284249A8749007D033E /* Build configuration list for PBXNativeTarget "Resfeber" */ = {
			isa = XCConfigurationList;
			buildConfigurations = (
				466C4285249A8749007D033E /* Debug */,
				466C4286249A8749007D033E /* Release */,
			);
			defaultConfigurationIsVisible = 0;
			defaultConfigurationName = Release;
		};
/* End XCConfigurationList section */

/* Begin XCRemoteSwiftPackageReference section */
		46908EB42513C971003252BA /* XCRemoteSwiftPackageReference "OktaAuth" */ = {
			isa = XCRemoteSwiftPackageReference;
			repositoryURL = "https://github.com/SpencerCurtis/OktaAuth.git";
			requirement = {
				kind = upToNextMajorVersion;
				minimumVersion = 1.0.0;
			};
		};
/* End XCRemoteSwiftPackageReference section */

/* Begin XCSwiftPackageProductDependency section */
		46908EB52513C971003252BA /* OktaAuth */ = {
			isa = XCSwiftPackageProductDependency;
			package = 46908EB42513C971003252BA /* XCRemoteSwiftPackageReference "OktaAuth" */;
			productName = OktaAuth;
		};
/* End XCSwiftPackageProductDependency section */

/* Begin XCVersionGroup section */
		42549087257A6C4400463284 /* Trip.xcdatamodeld */ = {
			isa = XCVersionGroup;
			children = (
				425490E1257AC4DB00463284 /* Tripv2.xcdatamodel */,
				42549088257A6C4400463284 /* Trip.xcdatamodel */,
			);
			currentVersion = 425490E1257AC4DB00463284 /* Tripv2.xcdatamodel */;
			path = Trip.xcdatamodeld;
			sourceTree = "<group>";
			versionGroupType = wrapper.xcdatamodel;
		};
/* End XCVersionGroup section */
	};
	rootObject = 466C4268249A8748007D033E /* Project object */;
}
